// !$*UTF8*$!
{
	archiveVersion = 1;
	classes = {
	};
	objectVersion = 50;
	objects = {

/* Begin PBXBuildFile section */
		D9A949322224A2330024A1AD /* AppDelegate.swift in Sources */ = {isa = PBXBuildFile; fileRef = D9A949312224A2330024A1AD /* AppDelegate.swift */; };
		D9A949342224A2330024A1AD /* HomeViewController.swift in Sources */ = {isa = PBXBuildFile; fileRef = D9A949332224A2330024A1AD /* HomeViewController.swift */; };
		D9A949392224A2340024A1AD /* Assets.xcassets in Resources */ = {isa = PBXBuildFile; fileRef = D9A949382224A2340024A1AD /* Assets.xcassets */; };
		D9A9493C2224A2340024A1AD /* LaunchScreen.storyboard in Resources */ = {isa = PBXBuildFile; fileRef = D9A9493A2224A2340024A1AD /* LaunchScreen.storyboard */; };
		D9AD896424F0B2AE00F49EB5 /* NavBarViewController.swift in Sources */ = {isa = PBXBuildFile; fileRef = D9AD896324F0B2AE00F49EB5 /* NavBarViewController.swift */; };
		D9D17BCC24EF210100BB4BE7 /* AddAssignmentsViewController.swift in Sources */ = {isa = PBXBuildFile; fileRef = D9D17BCB24EF210100BB4BE7 /* AddAssignmentsViewController.swift */; };
		D9D17BCE24EF218300BB4BE7 /* TasksViewController.swift in Sources */ = {isa = PBXBuildFile; fileRef = D9D17BCD24EF218300BB4BE7 /* TasksViewController.swift */; };
		D9D17BD024EF21BC00BB4BE7 /* AddTasksViewController.swift in Sources */ = {isa = PBXBuildFile; fileRef = D9D17BCF24EF21BC00BB4BE7 /* AddTasksViewController.swift */; };
		D9D3B86E24ED9DA3005E8A42 /* Main.storyboard in Resources */ = {isa = PBXBuildFile; fileRef = D9D3B86D24ED9DA3005E8A42 /* Main.storyboard */; };
		D9D3B87424EEC734005E8A42 /* AssignmentsViewController.swift in Sources */ = {isa = PBXBuildFile; fileRef = D9D3B87324EEC734005E8A42 /* AssignmentsViewController.swift */; };
/* End PBXBuildFile section */

/* Begin PBXFileReference section */
		D9A9492E2224A2330024A1AD /* DailyPlanner.app */ = {isa = PBXFileReference; explicitFileType = wrapper.application; includeInIndex = 0; path = DailyPlanner.app; sourceTree = BUILT_PRODUCTS_DIR; };
		D9A949312224A2330024A1AD /* AppDelegate.swift */ = {isa = PBXFileReference; lastKnownFileType = sourcecode.swift; path = AppDelegate.swift; sourceTree = "<group>"; };
		D9A949332224A2330024A1AD /* HomeViewController.swift */ = {isa = PBXFileReference; lastKnownFileType = sourcecode.swift; path = HomeViewController.swift; sourceTree = "<group>"; };
		D9A949382224A2340024A1AD /* Assets.xcassets */ = {isa = PBXFileReference; lastKnownFileType = folder.assetcatalog; path = Assets.xcassets; sourceTree = "<group>"; };
		D9A9493B2224A2340024A1AD /* Base */ = {isa = PBXFileReference; lastKnownFileType = file.storyboard; name = Base; path = Base.lproj/LaunchScreen.storyboard; sourceTree = "<group>"; };
		D9A9493D2224A2340024A1AD /* Info.plist */ = {isa = PBXFileReference; lastKnownFileType = text.plist.xml; path = Info.plist; sourceTree = "<group>"; };
		D9AD896324F0B2AE00F49EB5 /* NavBarViewController.swift */ = {isa = PBXFileReference; lastKnownFileType = sourcecode.swift; path = NavBarViewController.swift; sourceTree = "<group>"; };
		D9D17BCB24EF210100BB4BE7 /* AddAssignmentsViewController.swift */ = {isa = PBXFileReference; lastKnownFileType = sourcecode.swift; path = AddAssignmentsViewController.swift; sourceTree = "<group>"; };
		D9D17BCD24EF218300BB4BE7 /* TasksViewController.swift */ = {isa = PBXFileReference; lastKnownFileType = sourcecode.swift; path = TasksViewController.swift; sourceTree = "<group>"; };
		D9D17BCF24EF21BC00BB4BE7 /* AddTasksViewController.swift */ = {isa = PBXFileReference; lastKnownFileType = sourcecode.swift; path = AddTasksViewController.swift; sourceTree = "<group>"; };
		D9D3B86D24ED9DA3005E8A42 /* Main.storyboard */ = {isa = PBXFileReference; lastKnownFileType = file.storyboard; path = Main.storyboard; sourceTree = "<group>"; };
		D9D3B87324EEC734005E8A42 /* AssignmentsViewController.swift */ = {isa = PBXFileReference; lastKnownFileType = sourcecode.swift; path = AssignmentsViewController.swift; sourceTree = "<group>"; };
/* End PBXFileReference section */

/* Begin PBXFrameworksBuildPhase section */
		D9A9492B2224A2330024A1AD /* Frameworks */ = {
			isa = PBXFrameworksBuildPhase;
			buildActionMask = 2147483647;
			files = (
			);
			runOnlyForDeploymentPostprocessing = 0;
		};
/* End PBXFrameworksBuildPhase section */

/* Begin PBXGroup section */
		D9A949252224A2330024A1AD = {
			isa = PBXGroup;
			children = (
				D9A949302224A2330024A1AD /* DailyPlanner */,
				D9A9492F2224A2330024A1AD /* Products */,
			);
			sourceTree = "<group>";
		};
		D9A9492F2224A2330024A1AD /* Products */ = {
			isa = PBXGroup;
			children = (
				D9A9492E2224A2330024A1AD /* DailyPlanner.app */,
			);
			name = Products;
			sourceTree = "<group>";
		};
		D9A949302224A2330024A1AD /* DailyPlanner */ = {
			isa = PBXGroup;
			children = (
				D9D17BC924EF0A7300BB4BE7 /* UI */,
				D9D17BCA24EF128100BB4BE7 /* ViewControllers */,
				D9A949312224A2330024A1AD /* AppDelegate.swift */,
				D9A9493D2224A2340024A1AD /* Info.plist */,
				D9A949382224A2340024A1AD /* Assets.xcassets */,
			);
			path = DailyPlanner;
			sourceTree = "<group>";
		};
		D9D17BC924EF0A7300BB4BE7 /* UI */ = {
			isa = PBXGroup;
			children = (
				D9A9493A2224A2340024A1AD /* LaunchScreen.storyboard */,
				D9D3B86D24ED9DA3005E8A42 /* Main.storyboard */,
			);
			path = UI;
			sourceTree = "<group>";
		};
		D9D17BCA24EF128100BB4BE7 /* ViewControllers */ = {
			isa = PBXGroup;
			children = (
				D9A949332224A2330024A1AD /* HomeViewController.swift */,
				D9D3B87324EEC734005E8A42 /* AssignmentsViewController.swift */,
				D9D17BCB24EF210100BB4BE7 /* AddAssignmentsViewController.swift */,
				D9D17BCD24EF218300BB4BE7 /* TasksViewController.swift */,
				D9D17BCF24EF21BC00BB4BE7 /* AddTasksViewController.swift */,
				D9AD896324F0B2AE00F49EB5 /* NavBarViewController.swift */,
			);
			path = ViewControllers;
			sourceTree = "<group>";
		};
/* End PBXGroup section */

/* Begin PBXNativeTarget section */
		D9A9492D2224A2330024A1AD /* DailyPlanner */ = {
			isa = PBXNativeTarget;
			buildConfigurationList = D9A949402224A2340024A1AD /* Build configuration list for PBXNativeTarget "DailyPlanner" */;
			buildPhases = (
				D9A9492A2224A2330024A1AD /* Sources */,
				D9A9492B2224A2330024A1AD /* Frameworks */,
				D9A9492C2224A2330024A1AD /* Resources */,
			);
			buildRules = (
			);
			dependencies = (
			);
			name = DailyPlanner;
			productName = DailyPlanner;
			productReference = D9A9492E2224A2330024A1AD /* DailyPlanner.app */;
			productType = "com.apple.product-type.application";
		};
/* End PBXNativeTarget section */

/* Begin PBXProject section */
		D9A949262224A2330024A1AD /* Project object */ = {
			isa = PBXProject;
			attributes = {
				LastSwiftUpdateCheck = 1010;
				LastUpgradeCheck = 1010;
				ORGANIZATIONNAME = "Sam Ziegler";
				TargetAttributes = {
					D9A9492D2224A2330024A1AD = {
						CreatedOnToolsVersion = 10.1;
						LastSwiftMigration = 1160;
					};
				};
			};
			buildConfigurationList = D9A949292224A2330024A1AD /* Build configuration list for PBXProject "DailyPlanner" */;
			compatibilityVersion = "Xcode 9.3";
			developmentRegion = en;
			hasScannedForEncodings = 0;
			knownRegions = (
				en,
				Base,
			);
			mainGroup = D9A949252224A2330024A1AD;
			productRefGroup = D9A9492F2224A2330024A1AD /* Products */;
			projectDirPath = "";
			projectRoot = "";
			targets = (
				D9A9492D2224A2330024A1AD /* DailyPlanner */,
			);
		};
/* End PBXProject section */

/* Begin PBXResourcesBuildPhase section */
		D9A9492C2224A2330024A1AD /* Resources */ = {
			isa = PBXResourcesBuildPhase;
			buildActionMask = 2147483647;
			files = (
				D9D3B86E24ED9DA3005E8A42 /* Main.storyboard in Resources */,
				D9A9493C2224A2340024A1AD /* LaunchScreen.storyboard in Resources */,
				D9A949392224A2340024A1AD /* Assets.xcassets in Resources */,
			);
			runOnlyForDeploymentPostprocessing = 0;
		};
/* End PBXResourcesBuildPhase section */

/* Begin PBXSourcesBuildPhase section */
		D9A9492A2224A2330024A1AD /* Sources */ = {
			isa = PBXSourcesBuildPhase;
			buildActionMask = 2147483647;
			files = (
				D9D3B87424EEC734005E8A42 /* AssignmentsViewController.swift in Sources */,
				D9D17BD024EF21BC00BB4BE7 /* AddTasksViewController.swift in Sources */,
				D9AD896424F0B2AE00F49EB5 /* NavBarViewController.swift in Sources */,
				D9D17BCC24EF210100BB4BE7 /* AddAssignmentsViewController.swift in Sources */,
				D9D17BCE24EF218300BB4BE7 /* TasksViewController.swift in Sources */,
				D9A949342224A2330024A1AD /* HomeViewController.swift in Sources */,
				D9A949322224A2330024A1AD /* AppDelegate.swift in Sources */,
			);
			runOnlyForDeploymentPostprocessing = 0;
		};
/* End PBXSourcesBuildPhase section */

/* Begin PBXVariantGroup section */
		D9A9493A2224A2340024A1AD /* LaunchScreen.storyboard */ = {
			isa = PBXVariantGroup;
			children = (
				D9A9493B2224A2340024A1AD /* Base */,
			);
			name = LaunchScreen.storyboard;
			sourceTree = "<group>";
		};
/* End PBXVariantGroup section */

/* Begin XCBuildConfiguration section */
		D9A9493E2224A2340024A1AD /* Debug */ = {
			isa = XCBuildConfiguration;
			buildSettings = {
				ALWAYS_SEARCH_USER_PATHS = NO;
				CLANG_ANALYZER_NONNULL = YES;
				CLANG_ANALYZER_NUMBER_OBJECT_CONVERSION = YES_AGGRESSIVE;
				CLANG_CXX_LANGUAGE_STANDARD = "gnu++14";
				CLANG_CXX_LIBRARY = "libc++";
				CLANG_ENABLE_MODULES = YES;
				CLANG_ENABLE_OBJC_ARC = YES;
				CLANG_ENABLE_OBJC_WEAK = YES;
				CLANG_WARN_BLOCK_CAPTURE_AUTORELEASING = YES;
				CLANG_WARN_BOOL_CONVERSION = YES;
				CLANG_WARN_COMMA = YES;
				CLANG_WARN_CONSTANT_CONVERSION = YES;
				CLANG_WARN_DEPRECATED_OBJC_IMPLEMENTATIONS = YES;
				CLANG_WARN_DIRECT_OBJC_ISA_USAGE = YES_ERROR;
				CLANG_WARN_DOCUMENTATION_COMMENTS = YES;
				CLANG_WARN_EMPTY_BODY = YES;
				CLANG_WARN_ENUM_CONVERSION = YES;
				CLANG_WARN_INFINITE_RECURSION = YES;
				CLANG_WARN_INT_CONVERSION = YES;
				CLANG_WARN_NON_LITERAL_NULL_CONVERSION = YES;
				CLANG_WARN_OBJC_IMPLICIT_RETAIN_SELF = YES;
				CLANG_WARN_OBJC_LITERAL_CONVERSION = YES;
				CLANG_WARN_OBJC_ROOT_CLASS = YES_ERROR;
				CLANG_WARN_RANGE_LOOP_ANALYSIS = YES;
				CLANG_WARN_STRICT_PROTOTYPES = YES;
				CLANG_WARN_SUSPICIOUS_MOVE = YES;
				CLANG_WARN_UNGUARDED_AVAILABILITY = YES_AGGRESSIVE;
				CLANG_WARN_UNREACHABLE_CODE = YES;
				CLANG_WARN__DUPLICATE_METHOD_MATCH = YES;
				CODE_SIGN_IDENTITY = "iPhone Developer";
				COPY_PHASE_STRIP = NO;
				DEBUG_INFORMATION_FORMAT = dwarf;
				ENABLE_STRICT_OBJC_MSGSEND = YES;
				ENABLE_TESTABILITY = YES;
				GCC_C_LANGUAGE_STANDARD = gnu11;
				GCC_DYNAMIC_NO_PIC = NO;
				GCC_NO_COMMON_BLOCKS = YES;
				GCC_OPTIMIZATION_LEVEL = 0;
				GCC_PREPROCESSOR_DEFINITIONS = (
					"DEBUG=1",
					"$(inherited)",
				);
				GCC_WARN_64_TO_32_BIT_CONVERSION = YES;
				GCC_WARN_ABOUT_RETURN_TYPE = YES_ERROR;
				GCC_WARN_UNDECLARED_SELECTOR = YES;
				GCC_WARN_UNINITIALIZED_AUTOS = YES_AGGRESSIVE;
				GCC_WARN_UNUSED_FUNCTION = YES;
				GCC_WARN_UNUSED_VARIABLE = YES;
				IPHONEOS_DEPLOYMENT_TARGET = 12.1;
				MTL_ENABLE_DEBUG_INFO = INCLUDE_SOURCE;
				MTL_FAST_MATH = YES;
				ONLY_ACTIVE_ARCH = YES;
				SDKROOT = iphoneos;
				SWIFT_ACTIVE_COMPILATION_CONDITIONS = DEBUG;
				SWIFT_OPTIMIZATION_LEVEL = "-Onone";
			};
			name = Debug;
		};
		D9A9493F2224A2340024A1AD /* Release */ = {
			isa = XCBuildConfiguration;
			buildSettings = {
				ALWAYS_SEARCH_USER_PATHS = NO;
				CLANG_ANALYZER_NONNULL = YES;
				CLANG_ANALYZER_NUMBER_OBJECT_CONVERSION = YES_AGGRESSIVE;
				CLANG_CXX_LANGUAGE_STANDARD = "gnu++14";
				CLANG_CXX_LIBRARY = "libc++";
				CLANG_ENABLE_MODULES = YES;
				CLANG_ENABLE_OBJC_ARC = YES;
				CLANG_ENABLE_OBJC_WEAK = YES;
				CLANG_WARN_BLOCK_CAPTURE_AUTORELEASING = YES;
				CLANG_WARN_BOOL_CONVERSION = YES;
				CLANG_WARN_COMMA = YES;
				CLANG_WARN_CONSTANT_CONVERSION = YES;
				CLANG_WARN_DEPRECATED_OBJC_IMPLEMENTATIONS = YES;
				CLANG_WARN_DIRECT_OBJC_ISA_USAGE = YES_ERROR;
				CLANG_WARN_DOCUMENTATION_COMMENTS = YES;
				CLANG_WARN_EMPTY_BODY = YES;
				CLANG_WARN_ENUM_CONVERSION = YES;
				CLANG_WARN_INFINITE_RECURSION = YES;
				CLANG_WARN_INT_CONVERSION = YES;
				CLANG_WARN_NON_LITERAL_NULL_CONVERSION = YES;
				CLANG_WARN_OBJC_IMPLICIT_RETAIN_SELF = YES;
				CLANG_WARN_OBJC_LITERAL_CONVERSION = YES;
				CLANG_WARN_OBJC_ROOT_CLASS = YES_ERROR;
				CLANG_WARN_RANGE_LOOP_ANALYSIS = YES;
				CLANG_WARN_STRICT_PROTOTYPES = YES;
				CLANG_WARN_SUSPICIOUS_MOVE = YES;
				CLANG_WARN_UNGUARDED_AVAILABILITY = YES_AGGRESSIVE;
				CLANG_WARN_UNREACHABLE_CODE = YES;
				CLANG_WARN__DUPLICATE_METHOD_MATCH = YES;
				CODE_SIGN_IDENTITY = "iPhone Developer";
				COPY_PHASE_STRIP = NO;
				DEBUG_INFORMATION_FORMAT = "dwarf-with-dsym";
				ENABLE_NS_ASSERTIONS = NO;
				ENABLE_STRICT_OBJC_MSGSEND = YES;
				GCC_C_LANGUAGE_STANDARD = gnu11;
				GCC_NO_COMMON_BLOCKS = YES;
				GCC_WARN_64_TO_32_BIT_CONVERSION = YES;
				GCC_WARN_ABOUT_RETURN_TYPE = YES_ERROR;
				GCC_WARN_UNDECLARED_SELECTOR = YES;
				GCC_WARN_UNINITIALIZED_AUTOS = YES_AGGRESSIVE;
				GCC_WARN_UNUSED_FUNCTION = YES;
				GCC_WARN_UNUSED_VARIABLE = YES;
				IPHONEOS_DEPLOYMENT_TARGET = 12.1;
				MTL_ENABLE_DEBUG_INFO = NO;
				MTL_FAST_MATH = YES;
				SDKROOT = iphoneos;
				SWIFT_COMPILATION_MODE = wholemodule;
				SWIFT_OPTIMIZATION_LEVEL = "-O";
				VALIDATE_PRODUCT = YES;
			};
			name = Release;
		};
		D9A949412224A2340024A1AD /* Debug */ = {
			isa = XCBuildConfiguration;
			buildSettings = {
				ASSETCATALOG_COMPILER_APPICON_NAME = AppIcon;
				CODE_SIGN_STYLE = Automatic;
				DEVELOPMENT_TEAM = DCR2FF37BX;
				INFOPLIST_FILE = DailyPlanner/Info.plist;
				LD_RUNPATH_SEARCH_PATHS = (
					"$(inherited)",
					"@executable_path/Frameworks",
				);
				PRODUCT_BUNDLE_IDENTIFIER = "Sam-Ziegler.DailyPlanner";
				PRODUCT_NAME = DailyPlanner;
				SWIFT_VERSION = 5.0;
				TARGETED_DEVICE_FAMILY = "1,2";
			};
			name = Debug;
		};
		D9A949422224A2340024A1AD /* Release */ = {
			isa = XCBuildConfiguration;
			buildSettings = {
				ASSETCATALOG_COMPILER_APPICON_NAME = AppIcon;
				CODE_SIGN_STYLE = Automatic;
				DEVELOPMENT_TEAM = DCR2FF37BX;
				INFOPLIST_FILE = DailyPlanner/Info.plist;
				LD_RUNPATH_SEARCH_PATHS = (
					"$(inherited)",
					"@executable_path/Frameworks",
				);
				PRODUCT_BUNDLE_IDENTIFIER = "Sam-Ziegler.DailyPlanner";
				PRODUCT_NAME = DailyPlanner;
				SWIFT_VERSION = 5.0;
				TARGETED_DEVICE_FAMILY = "1,2";
			};
			name = Release;
		};
/* End XCBuildConfiguration section */

/* Begin XCConfigurationList section */
		D9A949292224A2330024A1AD /* Build configuration list for PBXProject "DailyPlanner" */ = {
			isa = XCConfigurationList;
			buildConfigurations = (
				D9A9493E2224A2340024A1AD /* Debug */,
				D9A9493F2224A2340024A1AD /* Release */,
			);
			defaultConfigurationIsVisible = 0;
			defaultConfigurationName = Release;
		};
		D9A949402224A2340024A1AD /* Build configuration list for PBXNativeTarget "DailyPlanner" */ = {
			isa = XCConfigurationList;
			buildConfigurations = (
				D9A949412224A2340024A1AD /* Debug */,
				D9A949422224A2340024A1AD /* Release */,
			);
			defaultConfigurationIsVisible = 0;
			defaultConfigurationName = Release;
		};
/* End XCConfigurationList section */
	};
	rootObject = D9A949262224A2330024A1AD /* Project object */;
}
